
Microsoft Visual Studio Solution File, Format Version 12.00
# Visual Studio Version 16
VisualStudioVersion = 16.0.30611.23
MinimumVisualStudioVersion = 10.0.40219.1
Project("{FAE04EC0-301F-11D3-BF4B-00C04F79EFBC}") = "Ejercicio3_DINT_Tema3", "Ejercicio3_DINT_Tema3\Ejercicio3_DINT_Tema3.csproj", "{4DA65ACE-A74D-424F-9EEC-3CB4A1DEA56C}"
EndProject
Global
	GlobalSection(SolutionConfigurationPlatforms) = preSolution
		Debug|Any CPU = Debug|Any CPU
		Release|Any CPU = Release|Any CPU
	EndGlobalSection
	GlobalSection(ProjectConfigurationPlatforms) = postSolution
		{4DA65ACE-A74D-424F-9EEC-3CB4A1DEA56C}.Debug|Any CPU.ActiveCfg = Debug|Any CPU
		{4DA65ACE-A74D-424F-9EEC-3CB4A1DEA56C}.Debug|Any CPU.Build.0 = Debug|Any CPU
		{4DA65ACE-A74D-424F-9EEC-3CB4A1DEA56C}.Release|Any CPU.ActiveCfg = Release|Any CPU
		{4DA65ACE-A74D-424F-9EEC-3CB4A1DEA56C}.Release|Any CPU.Build.0 = Release|Any CPU
	EndGlobalSection
	GlobalSection(SolutionProperties) = preSolution
		HideSolutionNode = FALSE
	EndGlobalSection
	GlobalSection(ExtensibilityGlobals) = postSolution
		SolutionGuid = {1CD6FBAA-29A6-48E1-A0AB-DBDCA01F1A65}
	EndGlobalSection
EndGlobal
